// !$*UTF8*$!
{
	archiveVersion = 1;
	classes = {
	};
	objectVersion = 56;
	objects = {

/* Begin PBXBuildFile section */
		AB4B25D72BABBAB00036EDDD /* TodoTableViewCell.xib in Resources */ = {isa = PBXBuildFile; fileRef = AB4B25D62BABBAB00036EDDD /* TodoTableViewCell.xib */; };
		AB4B25D82BABBAB00036EDDD /* TodoTableViewCell.swift in Sources */ = {isa = PBXBuildFile; fileRef = AB4B25D52BABBAB00036EDDD /* TodoTableViewCell.swift */; };
		AB7F5D022BAB0109004FFA96 /* AppDelegate.swift in Sources */ = {isa = PBXBuildFile; fileRef = AB7F5D012BAB0109004FFA96 /* AppDelegate.swift */; };
		AB7F5D042BAB0109004FFA96 /* SceneDelegate.swift in Sources */ = {isa = PBXBuildFile; fileRef = AB7F5D032BAB0109004FFA96 /* SceneDelegate.swift */; };
		AB7F5D062BAB0109004FFA96 /* ViewController.swift in Sources */ = {isa = PBXBuildFile; fileRef = AB7F5D052BAB0109004FFA96 /* ViewController.swift */; };
		AB7F5D092BAB0109004FFA96 /* Base in Resources */ = {isa = PBXBuildFile; fileRef = AB7F5D082BAB0109004FFA96 /* Base */; };
		AB7F5D0B2BAB010B004FFA96 /* Assets.xcassets in Resources */ = {isa = PBXBuildFile; fileRef = AB7F5D0A2BAB010B004FFA96 /* Assets.xcassets */; };
		AB7F5D0E2BAB010B004FFA96 /* Base in Resources */ = {isa = PBXBuildFile; fileRef = AB7F5D0D2BAB010B004FFA96 /* Base */; };
/* End PBXBuildFile section */

/* Begin PBXFileReference section */
		AB4B25D52BABBAB00036EDDD /* TodoTableViewCell.swift */ = {isa = PBXFileReference; lastKnownFileType = sourcecode.swift; path = TodoTableViewCell.swift; sourceTree = "<group>"; };
		AB4B25D62BABBAB00036EDDD /* TodoTableViewCell.xib */ = {isa = PBXFileReference; lastKnownFileType = file.xib; path = TodoTableViewCell.xib; sourceTree = "<group>"; };
		AB7F5CFE2BAB0109004FFA96 /* ch3_todoList.app */ = {isa = PBXFileReference; explicitFileType = wrapper.application; includeInIndex = 0; path = ch3_todoList.app; sourceTree = BUILT_PRODUCTS_DIR; };
		AB7F5D012BAB0109004FFA96 /* AppDelegate.swift */ = {isa = PBXFileReference; lastKnownFileType = sourcecode.swift; path = AppDelegate.swift; sourceTree = "<group>"; };
		AB7F5D032BAB0109004FFA96 /* SceneDelegate.swift */ = {isa = PBXFileReference; lastKnownFileType = sourcecode.swift; path = SceneDelegate.swift; sourceTree = "<group>"; };
		AB7F5D052BAB0109004FFA96 /* ViewController.swift */ = {isa = PBXFileReference; lastKnownFileType = sourcecode.swift; path = ViewController.swift; sourceTree = "<group>"; };
		AB7F5D082BAB0109004FFA96 /* Base */ = {isa = PBXFileReference; lastKnownFileType = file.storyboard; name = Base; path = Base.lproj/Main.storyboard; sourceTree = "<group>"; };
		AB7F5D0A2BAB010B004FFA96 /* Assets.xcassets */ = {isa = PBXFileReference; lastKnownFileType = folder.assetcatalog; path = Assets.xcassets; sourceTree = "<group>"; };
		AB7F5D0D2BAB010B004FFA96 /* Base */ = {isa = PBXFileReference; lastKnownFileType = file.storyboard; name = Base; path = Base.lproj/LaunchScreen.storyboard; sourceTree = "<group>"; };
		AB7F5D0F2BAB010B004FFA96 /* Info.plist */ = {isa = PBXFileReference; lastKnownFileType = text.plist.xml; path = Info.plist; sourceTree = "<group>"; };
/* End PBXFileReference section */

/* Begin PBXFrameworksBuildPhase section */
		AB7F5CFB2BAB0109004FFA96 /* Frameworks */ = {
			isa = PBXFrameworksBuildPhase;
			buildActionMask = 2147483647;
			files = (
			);
			runOnlyForDeploymentPostprocessing = 0;
		};
/* End PBXFrameworksBuildPhase section */

/* Begin PBXGroup section */
		AB7F5CF52BAB0109004FFA96 = {
			isa = PBXGroup;
			children = (
				AB7F5D002BAB0109004FFA96 /* ch3_todoList */,
				AB7F5CFF2BAB0109004FFA96 /* Products */,
			);
			sourceTree = "<group>";
		};
		AB7F5CFF2BAB0109004FFA96 /* Products */ = {
			isa = PBXGroup;
			children = (
				AB7F5CFE2BAB0109004FFA96 /* ch3_todoList.app */,
			);
			name = Products;
			sourceTree = "<group>";
		};
		AB7F5D002BAB0109004FFA96 /* ch3_todoList */ = {
			isa = PBXGroup;
			children = (
				AB7F5D012BAB0109004FFA96 /* AppDelegate.swift */,
				AB7F5D032BAB0109004FFA96 /* SceneDelegate.swift */,
				AB7F5D052BAB0109004FFA96 /* ViewController.swift */,
				AB7F5D072BAB0109004FFA96 /* Main.storyboard */,
				AB4B25D52BABBAB00036EDDD /* TodoTableViewCell.swift */,
				AB4B25D62BABBAB00036EDDD /* TodoTableViewCell.xib */,
				AB7F5D0A2BAB010B004FFA96 /* Assets.xcassets */,
				AB7F5D0C2BAB010B004FFA96 /* LaunchScreen.storyboard */,
				AB7F5D0F2BAB010B004FFA96 /* Info.plist */,
			);
			path = ch3_todoList;
			sourceTree = "<group>";
		};
/* End PBXGroup section */

/* Begin PBXNativeTarget section */
		AB7F5CFD2BAB0109004FFA96 /* ch3_todoList */ = {
			isa = PBXNativeTarget;
			buildConfigurationList = AB7F5D122BAB010B004FFA96 /* Build configuration list for PBXNativeTarget "ch3_todoList" */;
			buildPhases = (
				AB7F5CFA2BAB0109004FFA96 /* Sources */,
				AB7F5CFB2BAB0109004FFA96 /* Frameworks */,
				AB7F5CFC2BAB0109004FFA96 /* Resources */,
			);
			buildRules = (
			);
			dependencies = (
			);
			name = ch3_todoList;
			productName = ch3_todoList;
			productReference = AB7F5CFE2BAB0109004FFA96 /* ch3_todoList.app */;
			productType = "com.apple.product-type.application";
		};
/* End PBXNativeTarget section */

/* Begin PBXProject section */
		AB7F5CF62BAB0109004FFA96 /* Project object */ = {
			isa = PBXProject;
			attributes = {
				BuildIndependentTargetsInParallel = 1;
				LastSwiftUpdateCheck = 1530;
				LastUpgradeCheck = 1530;
				TargetAttributes = {
					AB7F5CFD2BAB0109004FFA96 = {
						CreatedOnToolsVersion = 15.3;
					};
				};
			};
			buildConfigurationList = AB7F5CF92BAB0109004FFA96 /* Build configuration list for PBXProject "ch3_todoList" */;
			compatibilityVersion = "Xcode 14.0";
			developmentRegion = en;
			hasScannedForEncodings = 0;
			knownRegions = (
				en,
				Base,
			);
			mainGroup = AB7F5CF52BAB0109004FFA96;
			productRefGroup = AB7F5CFF2BAB0109004FFA96 /* Products */;
			projectDirPath = "";
			projectRoot = "";
			targets = (
				AB7F5CFD2BAB0109004FFA96 /* ch3_todoList */,
			);
		};
/* End PBXProject section */

/* Begin PBXResourcesBuildPhase section */
		AB7F5CFC2BAB0109004FFA96 /* Resources */ = {
			isa = PBXResourcesBuildPhase;
			buildActionMask = 2147483647;
			files = (
				AB7F5D0B2BAB010B004FFA96 /* Assets.xcassets in Resources */,
				AB7F5D0E2BAB010B004FFA96 /* Base in Resources */,
				AB7F5D092BAB0109004FFA96 /* Base in Resources */,
				AB4B25D72BABBAB00036EDDD /* TodoTableViewCell.xib in Resources */,
			);
			runOnlyForDeploymentPostprocessing = 0;
		};
/* End PBXResourcesBuildPhase section */

/* Begin PBXSourcesBuildPhase section */
		AB7F5CFA2BAB0109004FFA96 /* Sources */ = {
			isa = PBXSourcesBuildPhase;
			buildActionMask = 2147483647;
			files = (
				AB7F5D062BAB0109004FFA96 /* ViewController.swift in Sources */,
				AB7F5D022BAB0109004FFA96 /* AppDelegate.swift in Sources */,
				AB7F5D042BAB0109004FFA96 /* SceneDelegate.swift in Sources */,
				AB4B25D82BABBAB00036EDDD /* TodoTableViewCell.swift in Sources */,
			);
			runOnlyForDeploymentPostprocessing = 0;
		};
/* End PBXSourcesBuildPhase section */

/* Begin PBXVariantGroup section */
		AB7F5D072BAB0109004FFA96 /* Main.storyboard */ = {
			isa = PBXVariantGroup;
			children = (
				AB7F5D082BAB0109004FFA96 /* Base */,
			);
			name = Main.storyboard;
			sourceTree = "<group>";
		};
		AB7F5D0C2BAB010B004FFA96 /* LaunchScreen.storyboard */ = {
			isa = PBXVariantGroup;
			children = (
				AB7F5D0D2BAB010B004FFA96 /* Base */,
			);
			name = LaunchScreen.storyboard;
			sourceTree = "<group>";
		};
/* End PBXVariantGroup section */

/* Begin XCBuildConfiguration section */
		AB7F5D102BAB010B004FFA96 /* Debug */ = {
			isa = XCBuildConfiguration;
			buildSettings = {
				ALWAYS_SEARCH_USER_PATHS = NO;
				ASSETCATALOG_COMPILER_GENERATE_SWIFT_ASSET_SYMBOL_EXTENSIONS = YES;
				CLANG_ANALYZER_NONNULL = YES;
				CLANG_ANALYZER_NUMBER_OBJECT_CONVERSION = YES_AGGRESSIVE;
				CLANG_CXX_LANGUAGE_STANDARD = "gnu++20";
				CLANG_ENABLE_MODULES = YES;
				CLANG_ENABLE_OBJC_ARC = YES;
				CLANG_ENABLE_OBJC_WEAK = YES;
				CLANG_WARN_BLOCK_CAPTURE_AUTORELEASING = YES;
				CLANG_WARN_BOOL_CONVERSION = YES;
				CLANG_WARN_COMMA = YES;
				CLANG_WARN_CONSTANT_CONVERSION = YES;
				CLANG_WARN_DEPRECATED_OBJC_IMPLEMENTATIONS = YES;
				CLANG_WARN_DIRECT_OBJC_ISA_USAGE = YES_ERROR;
				CLANG_WARN_DOCUMENTATION_COMMENTS = YES;
				CLANG_WARN_EMPTY_BODY = YES;
				CLANG_WARN_ENUM_CONVERSION = YES;
				CLANG_WARN_INFINITE_RECURSION = YES;
				CLANG_WARN_INT_CONVERSION = YES;
				CLANG_WARN_NON_LITERAL_NULL_CONVERSION = YES;
				CLANG_WARN_OBJC_IMPLICIT_RETAIN_SELF = YES;
				CLANG_WARN_OBJC_LITERAL_CONVERSION = YES;
				CLANG_WARN_OBJC_ROOT_CLASS = YES_ERROR;
				CLANG_WARN_QUOTED_INCLUDE_IN_FRAMEWORK_HEADER = YES;
				CLANG_WARN_RANGE_LOOP_ANALYSIS = YES;
				CLANG_WARN_STRICT_PROTOTYPES = YES;
				CLANG_WARN_SUSPICIOUS_MOVE = YES;
				CLANG_WARN_UNGUARDED_AVAILABILITY = YES_AGGRESSIVE;
				CLANG_WARN_UNREACHABLE_CODE = YES;
				CLANG_WARN__DUPLICATE_METHOD_MATCH = YES;
				COPY_PHASE_STRIP = NO;
				DEBUG_INFORMATION_FORMAT = dwarf;
				ENABLE_STRICT_OBJC_MSGSEND = YES;
				ENABLE_TESTABILITY = YES;
				ENABLE_USER_SCRIPT_SANDBOXING = YES;
				GCC_C_LANGUAGE_STANDARD = gnu17;
				GCC_DYNAMIC_NO_PIC = NO;
				GCC_NO_COMMON_BLOCKS = YES;
				GCC_OPTIMIZATION_LEVEL = 0;
				GCC_PREPROCESSOR_DEFINITIONS = (
					"DEBUG=1",
					"$(inherited)",
				);
				GCC_WARN_64_TO_32_BIT_CONVERSION = YES;
				GCC_WARN_ABOUT_RETURN_TYPE = YES_ERROR;
				GCC_WARN_UNDECLARED_SELECTOR = YES;
				GCC_WARN_UNINITIALIZED_AUTOS = YES_AGGRESSIVE;
				GCC_WARN_UNUSED_FUNCTION = YES;
				GCC_WARN_UNUSED_VARIABLE = YES;
				IPHONEOS_DEPLOYMENT_TARGET = 17.4;
				LOCALIZATION_PREFERS_STRING_CATALOGS = YES;
				MTL_ENABLE_DEBUG_INFO = INCLUDE_SOURCE;
				MTL_FAST_MATH = YES;
				ONLY_ACTIVE_ARCH = YES;
				SDKROOT = iphoneos;
				SWIFT_ACTIVE_COMPILATION_CONDITIONS = "DEBUG $(inherited)";
				SWIFT_OPTIMIZATION_LEVEL = "-Onone";
			};
			name = Debug;
		};
		AB7F5D112BAB010B004FFA96 /* Release */ = {
			isa = XCBuildConfiguration;
			buildSettings = {
				ALWAYS_SEARCH_USER_PATHS = NO;
				ASSETCATALOG_COMPILER_GENERATE_SWIFT_ASSET_SYMBOL_EXTENSIONS = YES;
				CLANG_ANALYZER_NONNULL = YES;
				CLANG_ANALYZER_NUMBER_OBJECT_CONVERSION = YES_AGGRESSIVE;
				CLANG_CXX_LANGUAGE_STANDARD = "gnu++20";
				CLANG_ENABLE_MODULES = YES;
				CLANG_ENABLE_OBJC_ARC = YES;
				CLANG_ENABLE_OBJC_WEAK = YES;
				CLANG_WARN_BLOCK_CAPTURE_AUTORELEASING = YES;
				CLANG_WARN_BOOL_CONVERSION = YES;
				CLANG_WARN_COMMA = YES;
				CLANG_WARN_CONSTANT_CONVERSION = YES;
				CLANG_WARN_DEPRECATED_OBJC_IMPLEMENTATIONS = YES;
				CLANG_WARN_DIRECT_OBJC_ISA_USAGE = YES_ERROR;
				CLANG_WARN_DOCUMENTATION_COMMENTS = YES;
				CLANG_WARN_EMPTY_BODY = YES;
				CLANG_WARN_ENUM_CONVERSION = YES;
				CLANG_WARN_INFINITE_RECURSION = YES;
				CLANG_WARN_INT_CONVERSION = YES;
				CLANG_WARN_NON_LITERAL_NULL_CONVERSION = YES;
				CLANG_WARN_OBJC_IMPLICIT_RETAIN_SELF = YES;
				CLANG_WARN_OBJC_LITERAL_CONVERSION = YES;
				CLANG_WARN_OBJC_ROOT_CLASS = YES_ERROR;
				CLANG_WARN_QUOTED_INCLUDE_IN_FRAMEWORK_HEADER = YES;
				CLANG_WARN_RANGE_LOOP_ANALYSIS = YES;
				CLANG_WARN_STRICT_PROTOTYPES = YES;
				CLANG_WARN_SUSPICIOUS_MOVE = YES;
				CLANG_WARN_UNGUARDED_AVAILABILITY = YES_AGGRESSIVE;
				CLANG_WARN_UNREACHABLE_CODE = YES;
				CLANG_WARN__DUPLICATE_METHOD_MATCH = YES;
				COPY_PHASE_STRIP = NO;
				DEBUG_INFORMATION_FORMAT = "dwarf-with-dsym";
				ENABLE_NS_ASSERTIONS = NO;
				ENABLE_STRICT_OBJC_MSGSEND = YES;
				ENABLE_USER_SCRIPT_SANDBOXING = YES;
				GCC_C_LANGUAGE_STANDARD = gnu17;
				GCC_NO_COMMON_BLOCKS = YES;
				GCC_WARN_64_TO_32_BIT_CONVERSION = YES;
				GCC_WARN_ABOUT_RETURN_TYPE = YES_ERROR;
				GCC_WARN_UNDECLARED_SELECTOR = YES;
				GCC_WARN_UNINITIALIZED_AUTOS = YES_AGGRESSIVE;
				GCC_WARN_UNUSED_FUNCTION = YES;
				GCC_WARN_UNUSED_VARIABLE = YES;
				IPHONEOS_DEPLOYMENT_TARGET = 17.4;
				LOCALIZATION_PREFERS_STRING_CATALOGS = YES;
				MTL_ENABLE_DEBUG_INFO = NO;
				MTL_FAST_MATH = YES;
				SDKROOT = iphoneos;
				SWIFT_COMPILATION_MODE = wholemodule;
				VALIDATE_PRODUCT = YES;
			};
			name = Release;
		};
		AB7F5D132BAB010B004FFA96 /* Debug */ = {
			isa = XCBuildConfiguration;
			buildSettings = {
				ASSETCATALOG_COMPILER_APPICON_NAME = AppIcon;
				ASSETCATALOG_COMPILER_GLOBAL_ACCENT_COLOR_NAME = AccentColor;
				CODE_SIGN_STYLE = Automatic;
				CURRENT_PROJECT_VERSION = 1;
				DEVELOPMENT_TEAM = 6794YDXXFY;
				GENERATE_INFOPLIST_FILE = YES;
				INFOPLIST_FILE = ch3_todoList/Info.plist;
				INFOPLIST_KEY_UIApplicationSupportsIndirectInputEvents = YES;
				INFOPLIST_KEY_UILaunchStoryboardName = LaunchScreen;
				INFOPLIST_KEY_UIMainStoryboardFile = Main;
				INFOPLIST_KEY_UISupportedInterfaceOrientations_iPad = "UIInterfaceOrientationPortrait UIInterfaceOrientationPortraitUpsideDown UIInterfaceOrientationLandscapeLeft UIInterfaceOrientationLandscapeRight";
				INFOPLIST_KEY_UISupportedInterfaceOrientations_iPhone = "UIInterfaceOrientationPortrait UIInterfaceOrientationLandscapeLeft UIInterfaceOrientationLandscapeRight";
				LD_RUNPATH_SEARCH_PATHS = (
					"$(inherited)",
					"@executable_path/Frameworks",
				);
				MARKETING_VERSION = 1.0;
				PRODUCT_BUNDLE_IDENTIFIER = "com.hee.ch3-todoList";
				PRODUCT_NAME = "$(TARGET_NAME)";
				SWIFT_EMIT_LOC_STRINGS = YES;
				SWIFT_VERSION = 5.0;
				TARGETED_DEVICE_FAMILY = "1,2";
			};
			name = Debug;
		};
		AB7F5D142BAB010B004FFA96 /* Release */ = {
			isa = XCBuildConfiguration;
			buildSettings = {
				ASSETCATALOG_COMPILER_APPICON_NAME = AppIcon;
				ASSETCATALOG_COMPILER_GLOBAL_ACCENT_COLOR_NAME = AccentColor;
				CODE_SIGN_STYLE = Automatic;
				CURRENT_PROJECT_VERSION = 1;
				DEVELOPMENT_TEAM = 6794YDXXFY;
				GENERATE_INFOPLIST_FILE = YES;
				INFOPLIST_FILE = ch3_todoList/Info.plist;
				INFOPLIST_KEY_UIApplicationSupportsIndirectInputEvents = YES;
				INFOPLIST_KEY_UILaunchStoryboardName = LaunchScreen;
				INFOPLIST_KEY_UIMainStoryboardFile = Main;
				INFOPLIST_KEY_UISupportedInterfaceOrientations_iPad = "UIInterfaceOrientationPortrait UIInterfaceOrientationPortraitUpsideDown UIInterfaceOrientationLandscapeLeft UIInterfaceOrientationLandscapeRight";
				INFOPLIST_KEY_UISupportedInterfaceOrientations_iPhone = "UIInterfaceOrientationPortrait UIInterfaceOrientationLandscapeLeft UIInterfaceOrientationLandscapeRight";
				LD_RUNPATH_SEARCH_PATHS = (
					"$(inherited)",
					"@executable_path/Frameworks",
				);
				MARKETING_VERSION = 1.0;
				PRODUCT_BUNDLE_IDENTIFIER = "com.hee.ch3-todoList";
				PRODUCT_NAME = "$(TARGET_NAME)";
				SWIFT_EMIT_LOC_STRINGS = YES;
				SWIFT_VERSION = 5.0;
				TARGETED_DEVICE_FAMILY = "1,2";
			};
			name = Release;
		};
/* End XCBuildConfiguration section */

/* Begin XCConfigurationList section */
		AB7F5CF92BAB0109004FFA96 /* Build configuration list for PBXProject "ch3_todoList" */ = {
			isa = XCConfigurationList;
			buildConfigurations = (
				AB7F5D102BAB010B004FFA96 /* Debug */,
				AB7F5D112BAB010B004FFA96 /* Release */,
			);
			defaultConfigurationIsVisible = 0;
			defaultConfigurationName = Release;
		};
		AB7F5D122BAB010B004FFA96 /* Build configuration list for PBXNativeTarget "ch3_todoList" */ = {
			isa = XCConfigurationList;
			buildConfigurations = (
				AB7F5D132BAB010B004FFA96 /* Debug */,
				AB7F5D142BAB010B004FFA96 /* Release */,
			);
			defaultConfigurationIsVisible = 0;
			defaultConfigurationName = Release;
		};
/* End XCConfigurationList section */
	};
	rootObject = AB7F5CF62BAB0109004FFA96 /* Project object */;
}
